
Microsoft Visual Studio Solution File, Format Version 12.00
# Visual Studio 2013
VisualStudioVersion = 12.0.30501.0
MinimumVisualStudioVersion = 10.0.40219.1
Project("{FAE04EC0-301F-11D3-BF4B-00C04F79EFBC}") = "MobileChat.Models", "MobileChat.Models\MobileChat.Models.csproj", "{940F109E-5E21-4922-B763-9B998D51B033}"
EndProject
Project("{FAE04EC0-301F-11D3-BF4B-00C04F79EFBC}") = "MobileChat.Data", "MobileChat.Data\MobileChat.Data.csproj", "{99722485-66DF-4BEC-BBD5-77047B8BC6B9}"
EndProject
Project("{FAE04EC0-301F-11D3-BF4B-00C04F79EFBC}") = "MobileChat.Services", "MobileChat.Services\MobileChat.Services.csproj", "{0B8DDC0C-FB70-491C-BEE6-93A7731E3981}"
EndProject
Global
	GlobalSection(SolutionConfigurationPlatforms) = preSolution
		Debug|Any CPU = Debug|Any CPU
		Release|Any CPU = Release|Any CPU
	EndGlobalSection
	GlobalSection(ProjectConfigurationPlatforms) = postSolution
		{940F109E-5E21-4922-B763-9B998D51B033}.Debug|Any CPU.ActiveCfg = Debug|Any CPU
		{940F109E-5E21-4922-B763-9B998D51B033}.Debug|Any CPU.Build.0 = Debug|Any CPU
		{940F109E-5E21-4922-B763-9B998D51B033}.Release|Any CPU.ActiveCfg = Release|Any CPU
		{940F109E-5E21-4922-B763-9B998D51B033}.Release|Any CPU.Build.0 = Release|Any CPU
		{99722485-66DF-4BEC-BBD5-77047B8BC6B9}.Debug|Any CPU.ActiveCfg = Debug|Any CPU
		{99722485-66DF-4BEC-BBD5-77047B8BC6B9}.Debug|Any CPU.Build.0 = Debug|Any CPU
		{99722485-66DF-4BEC-BBD5-77047B8BC6B9}.Release|Any CPU.ActiveCfg = Release|Any CPU
		{99722485-66DF-4BEC-BBD5-77047B8BC6B9}.Release|Any CPU.Build.0 = Release|Any CPU
		{0B8DDC0C-FB70-491C-BEE6-93A7731E3981}.Debug|Any CPU.ActiveCfg = Debug|Any CPU
		{0B8DDC0C-FB70-491C-BEE6-93A7731E3981}.Debug|Any CPU.Build.0 = Debug|Any CPU
		{0B8DDC0C-FB70-491C-BEE6-93A7731E3981}.Release|Any CPU.ActiveCfg = Release|Any CPU
		{0B8DDC0C-FB70-491C-BEE6-93A7731E3981}.Release|Any CPU.Build.0 = Release|Any CPU
	EndGlobalSection
	GlobalSection(SolutionProperties) = preSolution
		HideSolutionNode = FALSE
	EndGlobalSection
EndGlobal
